
Microsoft Visual Studio Solution File, Format Version 12.00
# Visual Studio Version 17
VisualStudioVersion = 17.0.31903.59
MinimumVisualStudioVersion = 10.0.40219.1
Project("{2150E333-8FDC-42A3-9474-1A3956D46DE8}") = "src", "src", "{9BC45C92-B5EB-43E5-8197-63F41A880FC4}"
EndProject
Project("{FAE04EC0-301F-11D3-BF4B-00C04F79EFBC}") = "FrameData.Bot", "src\FrameData.Bot\FrameData.Bot.csproj", "{4F44BEC0-2C0E-40EA-8186-BCF27C19A327}"
EndProject
Project("{2150E333-8FDC-42A3-9474-1A3956D46DE8}") = "tests", "tests", "{2794220A-6832-4F6B-81B8-EE52B8ECEF59}"
EndProject
Project("{2150E333-8FDC-42A3-9474-1A3956D46DE8}") = "contract", "contract", "{1E551197-BDE4-4051-810C-8D6305FF0009}"
EndProject
Project("{FAE04EC0-301F-11D3-BF4B-00C04F79EFBC}") = "FrameData.Contracts.Tests", "tests\contract\FrameData.Contracts.Tests\FrameData.Contracts.Tests.csproj", "{BDEA5AAC-FD0C-46F6-90FC-A73AAE731FD9}"
EndProject
Project("{FAE04EC0-301F-11D3-BF4B-00C04F79EFBC}") = "FrameData.Scraper", "src\FrameData.Scraper\FrameData.Scraper.csproj", "{A7E9D278-72E5-4AF4-AFA3-702EB7658F20}"
EndProject
Project("{FAE04EC0-301F-11D3-BF4B-00C04F79EFBC}") = "FrameData.Shared", "src\FrameData.Shared\FrameData.Shared.csproj", "{39EAF4C7-02DC-41A7-BEEC-FD3E8A6E345D}"
EndProject
Project("{FAE04EC0-301F-11D3-BF4B-00C04F79EFBC}") = "FrameData.Infrastructure", "src\FrameData.Infrastructure\FrameData.Infrastructure.csproj", "{59842634-7611-46FE-8AC1-3B4801288533}"
EndProject
Project("{FAE04EC0-301F-11D3-BF4B-00C04F79EFBC}") = "FrameData.Domain", "src\FrameData.Domain\FrameData.Domain.csproj", "{B367A39B-06D7-4A18-89B0-A78860D17D78}"
EndProject
Project("{FAE04EC0-301F-11D3-BF4B-00C04F79EFBC}") = "FrameData.Api", "src\FrameData.Api\FrameData.Api.csproj", "{19A5BFA0-D42D-41F9-A4C5-A95868DE854B}"
EndProject
Project("{FAE04EC0-301F-11D3-BF4B-00C04F79EFBC}") = "FrameData.Ingestion", "src\FrameData.Ingestion\FrameData.Ingestion.csproj", "{2F35E323-CFCB-4F63-BEE3-E0F381DFC1A2}"
EndProject
Project("{2150E333-8FDC-42A3-9474-1A3956D46DE8}") = "unit", "unit", "{234D11D2-0155-4AF0-B631-EFA4B34FA49F}"
EndProject
Project("{FAE04EC0-301F-11D3-BF4B-00C04F79EFBC}") = "FrameData.Domain.Tests", "tests\unit\FrameData.Domain.Tests\FrameData.Domain.Tests.csproj", "{A18E5CD2-EAA3-43DF-B3F7-B293FDF0020A}"
EndProject
Project("{FAE04EC0-301F-11D3-BF4B-00C04F79EFBC}") = "FrameData.Bot.Tests", "tests\unit\FrameData.Bot.Tests\FrameData.Bot.Tests.csproj", "{67AB492C-E1DD-4AB5-941E-7B57617656FB}"
EndProject
Project("{FAE04EC0-301F-11D3-BF4B-00C04F79EFBC}") = "FrameData.Ingestion.Tests", "tests\unit\FrameData.Ingestion.Tests\FrameData.Ingestion.Tests.csproj", "{E0807F74-2800-4162-B7EF-861A8ED3D183}"
EndProject
Project("{2150E333-8FDC-42A3-9474-1A3956D46DE8}") = "integration", "integration", "{83797327-458A-4498-8F0B-36BF7334C953}"
EndProject
Project("{FAE04EC0-301F-11D3-BF4B-00C04F79EFBC}") = "FrameData.Ingestion.IntegrationTests", "tests\integration\FrameData.Ingestion.IntegrationTests\FrameData.Ingestion.IntegrationTests.csproj", "{C4666865-2F77-47A0-BC3D-F70AF5AB762E}"
EndProject
Project("{FAE04EC0-301F-11D3-BF4B-00C04F79EFBC}") = "FrameData.Api.IntegrationTests", "tests\integration\FrameData.Api.IntegrationTests\FrameData.Api.IntegrationTests.csproj", "{120F7768-D40B-4747-9432-18EEEAD7B1DE}"
EndProject
Global
	GlobalSection(SolutionConfigurationPlatforms) = preSolution
		Debug|Any CPU = Debug|Any CPU
		Release|Any CPU = Release|Any CPU
	EndGlobalSection
	GlobalSection(SolutionProperties) = preSolution
		HideSolutionNode = FALSE
	EndGlobalSection
	GlobalSection(ProjectConfigurationPlatforms) = postSolution
		{4F44BEC0-2C0E-40EA-8186-BCF27C19A327}.Debug|Any CPU.ActiveCfg = Debug|Any CPU
		{4F44BEC0-2C0E-40EA-8186-BCF27C19A327}.Debug|Any CPU.Build.0 = Debug|Any CPU
		{4F44BEC0-2C0E-40EA-8186-BCF27C19A327}.Release|Any CPU.ActiveCfg = Release|Any CPU
		{4F44BEC0-2C0E-40EA-8186-BCF27C19A327}.Release|Any CPU.Build.0 = Release|Any CPU
		{BDEA5AAC-FD0C-46F6-90FC-A73AAE731FD9}.Debug|Any CPU.ActiveCfg = Debug|Any CPU
		{BDEA5AAC-FD0C-46F6-90FC-A73AAE731FD9}.Debug|Any CPU.Build.0 = Debug|Any CPU
		{BDEA5AAC-FD0C-46F6-90FC-A73AAE731FD9}.Release|Any CPU.ActiveCfg = Release|Any CPU
		{BDEA5AAC-FD0C-46F6-90FC-A73AAE731FD9}.Release|Any CPU.Build.0 = Release|Any CPU
		{A7E9D278-72E5-4AF4-AFA3-702EB7658F20}.Debug|Any CPU.ActiveCfg = Debug|Any CPU
		{A7E9D278-72E5-4AF4-AFA3-702EB7658F20}.Debug|Any CPU.Build.0 = Debug|Any CPU
		{A7E9D278-72E5-4AF4-AFA3-702EB7658F20}.Release|Any CPU.ActiveCfg = Release|Any CPU
		{A7E9D278-72E5-4AF4-AFA3-702EB7658F20}.Release|Any CPU.Build.0 = Release|Any CPU
		{39EAF4C7-02DC-41A7-BEEC-FD3E8A6E345D}.Debug|Any CPU.ActiveCfg = Debug|Any CPU
		{39EAF4C7-02DC-41A7-BEEC-FD3E8A6E345D}.Debug|Any CPU.Build.0 = Debug|Any CPU
		{39EAF4C7-02DC-41A7-BEEC-FD3E8A6E345D}.Release|Any CPU.ActiveCfg = Release|Any CPU
		{39EAF4C7-02DC-41A7-BEEC-FD3E8A6E345D}.Release|Any CPU.Build.0 = Release|Any CPU
		{59842634-7611-46FE-8AC1-3B4801288533}.Debug|Any CPU.ActiveCfg = Debug|Any CPU
		{59842634-7611-46FE-8AC1-3B4801288533}.Debug|Any CPU.Build.0 = Debug|Any CPU
		{59842634-7611-46FE-8AC1-3B4801288533}.Release|Any CPU.ActiveCfg = Release|Any CPU
		{59842634-7611-46FE-8AC1-3B4801288533}.Release|Any CPU.Build.0 = Release|Any CPU
		{B367A39B-06D7-4A18-89B0-A78860D17D78}.Debug|Any CPU.ActiveCfg = Debug|Any CPU
		{B367A39B-06D7-4A18-89B0-A78860D17D78}.Debug|Any CPU.Build.0 = Debug|Any CPU
		{B367A39B-06D7-4A18-89B0-A78860D17D78}.Release|Any CPU.ActiveCfg = Release|Any CPU
		{B367A39B-06D7-4A18-89B0-A78860D17D78}.Release|Any CPU.Build.0 = Release|Any CPU
		{19A5BFA0-D42D-41F9-A4C5-A95868DE854B}.Debug|Any CPU.ActiveCfg = Debug|Any CPU
		{19A5BFA0-D42D-41F9-A4C5-A95868DE854B}.Debug|Any CPU.Build.0 = Debug|Any CPU
		{19A5BFA0-D42D-41F9-A4C5-A95868DE854B}.Release|Any CPU.ActiveCfg = Release|Any CPU
		{19A5BFA0-D42D-41F9-A4C5-A95868DE854B}.Release|Any CPU.Build.0 = Release|Any CPU
		{2F35E323-CFCB-4F63-BEE3-E0F381DFC1A2}.Debug|Any CPU.ActiveCfg = Debug|Any CPU
		{2F35E323-CFCB-4F63-BEE3-E0F381DFC1A2}.Debug|Any CPU.Build.0 = Debug|Any CPU
		{2F35E323-CFCB-4F63-BEE3-E0F381DFC1A2}.Release|Any CPU.ActiveCfg = Release|Any CPU
		{2F35E323-CFCB-4F63-BEE3-E0F381DFC1A2}.Release|Any CPU.Build.0 = Release|Any CPU
		{A18E5CD2-EAA3-43DF-B3F7-B293FDF0020A}.Debug|Any CPU.ActiveCfg = Debug|Any CPU
		{A18E5CD2-EAA3-43DF-B3F7-B293FDF0020A}.Debug|Any CPU.Build.0 = Debug|Any CPU
		{A18E5CD2-EAA3-43DF-B3F7-B293FDF0020A}.Release|Any CPU.ActiveCfg = Release|Any CPU
		{A18E5CD2-EAA3-43DF-B3F7-B293FDF0020A}.Release|Any CPU.Build.0 = Release|Any CPU
		{67AB492C-E1DD-4AB5-941E-7B57617656FB}.Debug|Any CPU.ActiveCfg = Debug|Any CPU
		{67AB492C-E1DD-4AB5-941E-7B57617656FB}.Debug|Any CPU.Build.0 = Debug|Any CPU
		{67AB492C-E1DD-4AB5-941E-7B57617656FB}.Release|Any CPU.ActiveCfg = Release|Any CPU
		{67AB492C-E1DD-4AB5-941E-7B57617656FB}.Release|Any CPU.Build.0 = Release|Any CPU
		{E0807F74-2800-4162-B7EF-861A8ED3D183}.Debug|Any CPU.ActiveCfg = Debug|Any CPU
		{E0807F74-2800-4162-B7EF-861A8ED3D183}.Debug|Any CPU.Build.0 = Debug|Any CPU
		{E0807F74-2800-4162-B7EF-861A8ED3D183}.Release|Any CPU.ActiveCfg = Release|Any CPU
		{E0807F74-2800-4162-B7EF-861A8ED3D183}.Release|Any CPU.Build.0 = Release|Any CPU
		{C4666865-2F77-47A0-BC3D-F70AF5AB762E}.Debug|Any CPU.ActiveCfg = Debug|Any CPU
		{C4666865-2F77-47A0-BC3D-F70AF5AB762E}.Debug|Any CPU.Build.0 = Debug|Any CPU
		{C4666865-2F77-47A0-BC3D-F70AF5AB762E}.Release|Any CPU.ActiveCfg = Release|Any CPU
		{C4666865-2F77-47A0-BC3D-F70AF5AB762E}.Release|Any CPU.Build.0 = Release|Any CPU
		{120F7768-D40B-4747-9432-18EEEAD7B1DE}.Debug|Any CPU.ActiveCfg = Debug|Any CPU
		{120F7768-D40B-4747-9432-18EEEAD7B1DE}.Debug|Any CPU.Build.0 = Debug|Any CPU
		{120F7768-D40B-4747-9432-18EEEAD7B1DE}.Release|Any CPU.ActiveCfg = Release|Any CPU
		{120F7768-D40B-4747-9432-18EEEAD7B1DE}.Release|Any CPU.Build.0 = Release|Any CPU
	EndGlobalSection
	GlobalSection(NestedProjects) = preSolution
		{4F44BEC0-2C0E-40EA-8186-BCF27C19A327} = {9BC45C92-B5EB-43E5-8197-63F41A880FC4}
		{1E551197-BDE4-4051-810C-8D6305FF0009} = {2794220A-6832-4F6B-81B8-EE52B8ECEF59}
		{BDEA5AAC-FD0C-46F6-90FC-A73AAE731FD9} = {1E551197-BDE4-4051-810C-8D6305FF0009}
		{A7E9D278-72E5-4AF4-AFA3-702EB7658F20} = {9BC45C92-B5EB-43E5-8197-63F41A880FC4}
		{39EAF4C7-02DC-41A7-BEEC-FD3E8A6E345D} = {9BC45C92-B5EB-43E5-8197-63F41A880FC4}
		{59842634-7611-46FE-8AC1-3B4801288533} = {9BC45C92-B5EB-43E5-8197-63F41A880FC4}
		{B367A39B-06D7-4A18-89B0-A78860D17D78} = {9BC45C92-B5EB-43E5-8197-63F41A880FC4}
		{19A5BFA0-D42D-41F9-A4C5-A95868DE854B} = {9BC45C92-B5EB-43E5-8197-63F41A880FC4}
		{2F35E323-CFCB-4F63-BEE3-E0F381DFC1A2} = {9BC45C92-B5EB-43E5-8197-63F41A880FC4}
		{234D11D2-0155-4AF0-B631-EFA4B34FA49F} = {2794220A-6832-4F6B-81B8-EE52B8ECEF59}
		{A18E5CD2-EAA3-43DF-B3F7-B293FDF0020A} = {234D11D2-0155-4AF0-B631-EFA4B34FA49F}
		{67AB492C-E1DD-4AB5-941E-7B57617656FB} = {234D11D2-0155-4AF0-B631-EFA4B34FA49F}
		{E0807F74-2800-4162-B7EF-861A8ED3D183} = {234D11D2-0155-4AF0-B631-EFA4B34FA49F}
		{83797327-458A-4498-8F0B-36BF7334C953} = {2794220A-6832-4F6B-81B8-EE52B8ECEF59}
		{C4666865-2F77-47A0-BC3D-F70AF5AB762E} = {83797327-458A-4498-8F0B-36BF7334C953}
		{120F7768-D40B-4747-9432-18EEEAD7B1DE} = {83797327-458A-4498-8F0B-36BF7334C953}
	EndGlobalSection
EndGlobal
